// !$*UTF8*$!
{
	archiveVersion = 1;
	classes = {
	};
	objectVersion = 56;
	objects = {

/* Begin PBXBuildFile section */
		2943CCD82B845A110021BAC3 /* HexagonParameters.swift in Sources */ = {isa = PBXBuildFile; fileRef = 2943CCD72B845A110021BAC3 /* HexagonParameters.swift */; };
		2943CCDA2B845AB90021BAC3 /* BadgeBackground.swift in Sources */ = {isa = PBXBuildFile; fileRef = 2943CCD92B845AB90021BAC3 /* BadgeBackground.swift */; };
		2943CCDC2B845C630021BAC3 /* BadgeSymbol.swift in Sources */ = {isa = PBXBuildFile; fileRef = 2943CCDB2B845C630021BAC3 /* BadgeSymbol.swift */; };
		2943CCDE2B845DC50021BAC3 /* Badge.swift in Sources */ = {isa = PBXBuildFile; fileRef = 2943CCDD2B845DC50021BAC3 /* Badge.swift */; };
		2943CCE02B845E4C0021BAC3 /* RotatedBadgeSymbol.swift in Sources */ = {isa = PBXBuildFile; fileRef = 2943CCDF2B845E4C0021BAC3 /* RotatedBadgeSymbol.swift */; };
		29DA80302B7B09860009049E /* CircleImage.swift in Sources */ = {isa = PBXBuildFile; fileRef = 29DA802F2B7B09860009049E /* CircleImage.swift */; };
		29DA80322B7B0F8D0009049E /* MapView.swift in Sources */ = {isa = PBXBuildFile; fileRef = 29DA80312B7B0F8D0009049E /* MapView.swift */; };
		29DA80342B7C41740009049E /* landmarkData.json in Resources */ = {isa = PBXBuildFile; fileRef = 29DA80332B7C41740009049E /* landmarkData.json */; };
		29DA80362B7C41F00009049E /* Landmark.swift in Sources */ = {isa = PBXBuildFile; fileRef = 29DA80352B7C41F00009049E /* Landmark.swift */; };
		29DA80382B7C4EEC0009049E /* ModelData.swift in Sources */ = {isa = PBXBuildFile; fileRef = 29DA80372B7C4EEC0009049E /* ModelData.swift */; };
		29DA803D2B7C52FC0009049E /* LandmarkRow.swift in Sources */ = {isa = PBXBuildFile; fileRef = 29DA803C2B7C52FC0009049E /* LandmarkRow.swift */; };
		29DA803F2B7C5A880009049E /* LandmarkList.swift in Sources */ = {isa = PBXBuildFile; fileRef = 29DA803E2B7C5A880009049E /* LandmarkList.swift */; };
		29DA80412B7C5DC50009049E /* LandmarkDetail.swift in Sources */ = {isa = PBXBuildFile; fileRef = 29DA80402B7C5DC50009049E /* LandmarkDetail.swift */; };
		29F991632B798446003EF0BF /* LandmarksApp.swift in Sources */ = {isa = PBXBuildFile; fileRef = 29F991622B798446003EF0BF /* LandmarksApp.swift */; };
		29F991652B798446003EF0BF /* ContentView.swift in Sources */ = {isa = PBXBuildFile; fileRef = 29F991642B798446003EF0BF /* ContentView.swift */; };
		29F991672B798447003EF0BF /* Assets.xcassets in Resources */ = {isa = PBXBuildFile; fileRef = 29F991662B798447003EF0BF /* Assets.xcassets */; };
		29F9916A2B798447003EF0BF /* Preview Assets.xcassets in Resources */ = {isa = PBXBuildFile; fileRef = 29F991692B798447003EF0BF /* Preview Assets.xcassets */; };
		29FD7D1A2B8431CB00A5BAED /* FavoriteButton.swift in Sources */ = {isa = PBXBuildFile; fileRef = 29FD7D192B8431CB00A5BAED /* FavoriteButton.swift */; };
/* End PBXBuildFile section */

/* Begin PBXFileReference section */
		2943CCD72B845A110021BAC3 /* HexagonParameters.swift */ = {isa = PBXFileReference; lastKnownFileType = sourcecode.swift; path = HexagonParameters.swift; sourceTree = "<group>"; };
		2943CCD92B845AB90021BAC3 /* BadgeBackground.swift */ = {isa = PBXFileReference; lastKnownFileType = sourcecode.swift; path = BadgeBackground.swift; sourceTree = "<group>"; };
		2943CCDB2B845C630021BAC3 /* BadgeSymbol.swift */ = {isa = PBXFileReference; lastKnownFileType = sourcecode.swift; path = BadgeSymbol.swift; sourceTree = "<group>"; };
		2943CCDD2B845DC50021BAC3 /* Badge.swift */ = {isa = PBXFileReference; lastKnownFileType = sourcecode.swift; path = Badge.swift; sourceTree = "<group>"; };
		2943CCDF2B845E4C0021BAC3 /* RotatedBadgeSymbol.swift */ = {isa = PBXFileReference; lastKnownFileType = sourcecode.swift; path = RotatedBadgeSymbol.swift; sourceTree = "<group>"; };
		29DA802F2B7B09860009049E /* CircleImage.swift */ = {isa = PBXFileReference; lastKnownFileType = sourcecode.swift; path = CircleImage.swift; sourceTree = "<group>"; };
		29DA80312B7B0F8D0009049E /* MapView.swift */ = {isa = PBXFileReference; lastKnownFileType = sourcecode.swift; path = MapView.swift; sourceTree = "<group>"; };
		29DA80332B7C41740009049E /* landmarkData.json */ = {isa = PBXFileReference; fileEncoding = 4; lastKnownFileType = text.json; path = landmarkData.json; sourceTree = "<group>"; };
		29DA80352B7C41F00009049E /* Landmark.swift */ = {isa = PBXFileReference; lastKnownFileType = sourcecode.swift; path = Landmark.swift; sourceTree = "<group>"; };
		29DA80372B7C4EEC0009049E /* ModelData.swift */ = {isa = PBXFileReference; lastKnownFileType = sourcecode.swift; path = ModelData.swift; sourceTree = "<group>"; };
		29DA803C2B7C52FC0009049E /* LandmarkRow.swift */ = {isa = PBXFileReference; lastKnownFileType = sourcecode.swift; path = LandmarkRow.swift; sourceTree = "<group>"; };
		29DA803E2B7C5A880009049E /* LandmarkList.swift */ = {isa = PBXFileReference; lastKnownFileType = sourcecode.swift; path = LandmarkList.swift; sourceTree = "<group>"; };
		29DA80402B7C5DC50009049E /* LandmarkDetail.swift */ = {isa = PBXFileReference; lastKnownFileType = sourcecode.swift; path = LandmarkDetail.swift; sourceTree = "<group>"; };
		29F9915F2B798446003EF0BF /* Landmarks.app */ = {isa = PBXFileReference; explicitFileType = wrapper.application; includeInIndex = 0; path = Landmarks.app; sourceTree = BUILT_PRODUCTS_DIR; };
		29F991622B798446003EF0BF /* LandmarksApp.swift */ = {isa = PBXFileReference; lastKnownFileType = sourcecode.swift; path = LandmarksApp.swift; sourceTree = "<group>"; };
		29F991642B798446003EF0BF /* ContentView.swift */ = {isa = PBXFileReference; lastKnownFileType = sourcecode.swift; path = ContentView.swift; sourceTree = "<group>"; };
		29F991662B798447003EF0BF /* Assets.xcassets */ = {isa = PBXFileReference; lastKnownFileType = folder.assetcatalog; path = Assets.xcassets; sourceTree = "<group>"; };
		29F991692B798447003EF0BF /* Preview Assets.xcassets */ = {isa = PBXFileReference; lastKnownFileType = folder.assetcatalog; path = "Preview Assets.xcassets"; sourceTree = "<group>"; };
		29FD7D192B8431CB00A5BAED /* FavoriteButton.swift */ = {isa = PBXFileReference; lastKnownFileType = sourcecode.swift; path = FavoriteButton.swift; sourceTree = "<group>"; };
/* End PBXFileReference section */

/* Begin PBXFrameworksBuildPhase section */
		29F9915C2B798446003EF0BF /* Frameworks */ = {
			isa = PBXFrameworksBuildPhase;
			buildActionMask = 2147483647;
			files = (
			);
			runOnlyForDeploymentPostprocessing = 0;
		};
/* End PBXFrameworksBuildPhase section */

/* Begin PBXGroup section */
		2943CCE12B845ED60021BAC3 /* Badge */ = {
			isa = PBXGroup;
			children = (
				2943CCDD2B845DC50021BAC3 /* Badge.swift */,
				2943CCD92B845AB90021BAC3 /* BadgeBackground.swift */,
				2943CCDB2B845C630021BAC3 /* BadgeSymbol.swift */,
				2943CCDF2B845E4C0021BAC3 /* RotatedBadgeSymbol.swift */,
				2943CCD72B845A110021BAC3 /* HexagonParameters.swift */,
			);
			path = Badge;
			sourceTree = "<group>";
		};
		29DA80392B7C51EA0009049E /* Views */ = {
			isa = PBXGroup;
			children = (
				29F991642B798446003EF0BF /* ContentView.swift */,
				2943CCE12B845ED60021BAC3 /* Badge */,
				29FD7D1C2B84345600A5BAED /* Landmarks */,
				29FD7D1B2B84343500A5BAED /* Helpers */,
			);
			path = Views;
			sourceTree = "<group>";
		};
		29DA803A2B7C523D0009049E /* Model */ = {
			isa = PBXGroup;
			children = (
				29DA80352B7C41F00009049E /* Landmark.swift */,
				29DA80372B7C4EEC0009049E /* ModelData.swift */,
			);
			path = Model;
			sourceTree = "<group>";
		};
		29DA803B2B7C52790009049E /* Resources */ = {
			isa = PBXGroup;
			children = (
				29DA80332B7C41740009049E /* landmarkData.json */,
			);
			path = Resources;
			sourceTree = "<group>";
		};
		29F991562B798445003EF0BF = {
			isa = PBXGroup;
			children = (
				29F991612B798446003EF0BF /* Landmarks */,
				29F991602B798446003EF0BF /* Products */,
			);
			sourceTree = "<group>";
		};
		29F991602B798446003EF0BF /* Products */ = {
			isa = PBXGroup;
			children = (
				29F9915F2B798446003EF0BF /* Landmarks.app */,
			);
			name = Products;
			sourceTree = "<group>";
		};
		29F991612B798446003EF0BF /* Landmarks */ = {
			isa = PBXGroup;
			children = (
				29F991622B798446003EF0BF /* LandmarksApp.swift */,
				29DA80392B7C51EA0009049E /* Views */,
				29DA803A2B7C523D0009049E /* Model */,
				29DA803B2B7C52790009049E /* Resources */,
				29F991662B798447003EF0BF /* Assets.xcassets */,
				29F991682B798447003EF0BF /* Preview Content */,
			);
			path = Landmarks;
			sourceTree = "<group>";
		};
		29F991682B798447003EF0BF /* Preview Content */ = {
			isa = PBXGroup;
			children = (
				29F991692B798447003EF0BF /* Preview Assets.xcassets */,
			);
			path = "Preview Content";
			sourceTree = "<group>";
		};
		29FD7D1B2B84343500A5BAED /* Helpers */ = {
			isa = PBXGroup;
			children = (
				29DA802F2B7B09860009049E /* CircleImage.swift */,
				29DA80312B7B0F8D0009049E /* MapView.swift */,
				29FD7D192B8431CB00A5BAED /* FavoriteButton.swift */,
			);
			path = Helpers;
			sourceTree = "<group>";
		};
		29FD7D1C2B84345600A5BAED /* Landmarks */ = {
			isa = PBXGroup;
			children = (
				29DA803C2B7C52FC0009049E /* LandmarkRow.swift */,
				29DA803E2B7C5A880009049E /* LandmarkList.swift */,
				29DA80402B7C5DC50009049E /* LandmarkDetail.swift */,
			);
			path = Landmarks;
			sourceTree = "<group>";
		};
/* End PBXGroup section */

/* Begin PBXNativeTarget section */
		29F9915E2B798446003EF0BF /* Landmarks */ = {
			isa = PBXNativeTarget;
			buildConfigurationList = 29F9916D2B798447003EF0BF /* Build configuration list for PBXNativeTarget "Landmarks" */;
			buildPhases = (
				29F9915B2B798446003EF0BF /* Sources */,
				29F9915C2B798446003EF0BF /* Frameworks */,
				29F9915D2B798446003EF0BF /* Resources */,
			);
			buildRules = (
			);
			dependencies = (
			);
			name = Landmarks;
			productName = Landmarks;
			productReference = 29F9915F2B798446003EF0BF /* Landmarks.app */;
			productType = "com.apple.product-type.application";
		};
/* End PBXNativeTarget section */

/* Begin PBXProject section */
		29F991572B798446003EF0BF /* Project object */ = {
			isa = PBXProject;
			attributes = {
				BuildIndependentTargetsInParallel = 1;
				LastSwiftUpdateCheck = 1520;
				LastUpgradeCheck = 1520;
				TargetAttributes = {
					29F9915E2B798446003EF0BF = {
						CreatedOnToolsVersion = 15.2;
					};
				};
			};
			buildConfigurationList = 29F9915A2B798446003EF0BF /* Build configuration list for PBXProject "Landmarks" */;
			compatibilityVersion = "Xcode 14.0";
			developmentRegion = en;
			hasScannedForEncodings = 0;
			knownRegions = (
				en,
				Base,
			);
			mainGroup = 29F991562B798445003EF0BF;
			productRefGroup = 29F991602B798446003EF0BF /* Products */;
			projectDirPath = "";
			projectRoot = "";
			targets = (
				29F9915E2B798446003EF0BF /* Landmarks */,
			);
		};
/* End PBXProject section */

/* Begin PBXResourcesBuildPhase section */
		29F9915D2B798446003EF0BF /* Resources */ = {
			isa = PBXResourcesBuildPhase;
			buildActionMask = 2147483647;
			files = (
				29F9916A2B798447003EF0BF /* Preview Assets.xcassets in Resources */,
				29F991672B798447003EF0BF /* Assets.xcassets in Resources */,
				29DA80342B7C41740009049E /* landmarkData.json in Resources */,
			);
			runOnlyForDeploymentPostprocessing = 0;
		};
/* End PBXResourcesBuildPhase section */

/* Begin PBXSourcesBuildPhase section */
		29F9915B2B798446003EF0BF /* Sources */ = {
			isa = PBXSourcesBuildPhase;
			buildActionMask = 2147483647;
			files = (
				29F991652B798446003EF0BF /* ContentView.swift in Sources */,
				29DA80322B7B0F8D0009049E /* MapView.swift in Sources */,
				29F991632B798446003EF0BF /* LandmarksApp.swift in Sources */,
				29FD7D1A2B8431CB00A5BAED /* FavoriteButton.swift in Sources */,
				2943CCD82B845A110021BAC3 /* HexagonParameters.swift in Sources */,
				2943CCDC2B845C630021BAC3 /* BadgeSymbol.swift in Sources */,
				29DA803F2B7C5A880009049E /* LandmarkList.swift in Sources */,
				2943CCDE2B845DC50021BAC3 /* Badge.swift in Sources */,
				2943CCE02B845E4C0021BAC3 /* RotatedBadgeSymbol.swift in Sources */,
				29DA80412B7C5DC50009049E /* LandmarkDetail.swift in Sources */,
				2943CCDA2B845AB90021BAC3 /* BadgeBackground.swift in Sources */,
				29DA80302B7B09860009049E /* CircleImage.swift in Sources */,
				29DA80362B7C41F00009049E /* Landmark.swift in Sources */,
				29DA803D2B7C52FC0009049E /* LandmarkRow.swift in Sources */,
				29DA80382B7C4EEC0009049E /* ModelData.swift in Sources */,
			);
			runOnlyForDeploymentPostprocessing = 0;
		};
/* End PBXSourcesBuildPhase section */

/* Begin XCBuildConfiguration section */
		29F9916B2B798447003EF0BF /* Debug */ = {
			isa = XCBuildConfiguration;
			buildSettings = {
				ALWAYS_SEARCH_USER_PATHS = NO;
				ASSETCATALOG_COMPILER_GENERATE_SWIFT_ASSET_SYMBOL_EXTENSIONS = YES;
				CLANG_ANALYZER_NONNULL = YES;
				CLANG_ANALYZER_NUMBER_OBJECT_CONVERSION = YES_AGGRESSIVE;
				CLANG_CXX_LANGUAGE_STANDARD = "gnu++20";
				CLANG_ENABLE_MODULES = YES;
				CLANG_ENABLE_OBJC_ARC = YES;
				CLANG_ENABLE_OBJC_WEAK = YES;
				CLANG_WARN_BLOCK_CAPTURE_AUTORELEASING = YES;
				CLANG_WARN_BOOL_CONVERSION = YES;
				CLANG_WARN_COMMA = YES;
				CLANG_WARN_CONSTANT_CONVERSION = YES;
				CLANG_WARN_DEPRECATED_OBJC_IMPLEMENTATIONS = YES;
				CLANG_WARN_DIRECT_OBJC_ISA_USAGE = YES_ERROR;
				CLANG_WARN_DOCUMENTATION_COMMENTS = YES;
				CLANG_WARN_EMPTY_BODY = YES;
				CLANG_WARN_ENUM_CONVERSION = YES;
				CLANG_WARN_INFINITE_RECURSION = YES;
				CLANG_WARN_INT_CONVERSION = YES;
				CLANG_WARN_NON_LITERAL_NULL_CONVERSION = YES;
				CLANG_WARN_OBJC_IMPLICIT_RETAIN_SELF = YES;
				CLANG_WARN_OBJC_LITERAL_CONVERSION = YES;
				CLANG_WARN_OBJC_ROOT_CLASS = YES_ERROR;
				CLANG_WARN_QUOTED_INCLUDE_IN_FRAMEWORK_HEADER = YES;
				CLANG_WARN_RANGE_LOOP_ANALYSIS = YES;
				CLANG_WARN_STRICT_PROTOTYPES = YES;
				CLANG_WARN_SUSPICIOUS_MOVE = YES;
				CLANG_WARN_UNGUARDED_AVAILABILITY = YES_AGGRESSIVE;
				CLANG_WARN_UNREACHABLE_CODE = YES;
				CLANG_WARN__DUPLICATE_METHOD_MATCH = YES;
				COPY_PHASE_STRIP = NO;
				DEBUG_INFORMATION_FORMAT = dwarf;
				ENABLE_STRICT_OBJC_MSGSEND = YES;
				ENABLE_TESTABILITY = YES;
				ENABLE_USER_SCRIPT_SANDBOXING = YES;
				GCC_C_LANGUAGE_STANDARD = gnu17;
				GCC_DYNAMIC_NO_PIC = NO;
				GCC_NO_COMMON_BLOCKS = YES;
				GCC_OPTIMIZATION_LEVEL = 0;
				GCC_PREPROCESSOR_DEFINITIONS = (
					"DEBUG=1",
					"$(inherited)",
				);
				GCC_WARN_64_TO_32_BIT_CONVERSION = YES;
				GCC_WARN_ABOUT_RETURN_TYPE = YES_ERROR;
				GCC_WARN_UNDECLARED_SELECTOR = YES;
				GCC_WARN_UNINITIALIZED_AUTOS = YES_AGGRESSIVE;
				GCC_WARN_UNUSED_FUNCTION = YES;
				GCC_WARN_UNUSED_VARIABLE = YES;
				IPHONEOS_DEPLOYMENT_TARGET = 17.2;
				LOCALIZATION_PREFERS_STRING_CATALOGS = YES;
				MTL_ENABLE_DEBUG_INFO = INCLUDE_SOURCE;
				MTL_FAST_MATH = YES;
				ONLY_ACTIVE_ARCH = YES;
				SDKROOT = iphoneos;
				SWIFT_ACTIVE_COMPILATION_CONDITIONS = "DEBUG $(inherited)";
				SWIFT_OPTIMIZATION_LEVEL = "-Onone";
			};
			name = Debug;
		};
		29F9916C2B798447003EF0BF /* Release */ = {
			isa = XCBuildConfiguration;
			buildSettings = {
				ALWAYS_SEARCH_USER_PATHS = NO;
				ASSETCATALOG_COMPILER_GENERATE_SWIFT_ASSET_SYMBOL_EXTENSIONS = YES;
				CLANG_ANALYZER_NONNULL = YES;
				CLANG_ANALYZER_NUMBER_OBJECT_CONVERSION = YES_AGGRESSIVE;
				CLANG_CXX_LANGUAGE_STANDARD = "gnu++20";
				CLANG_ENABLE_MODULES = YES;
				CLANG_ENABLE_OBJC_ARC = YES;
				CLANG_ENABLE_OBJC_WEAK = YES;
				CLANG_WARN_BLOCK_CAPTURE_AUTORELEASING = YES;
				CLANG_WARN_BOOL_CONVERSION = YES;
				CLANG_WARN_COMMA = YES;
				CLANG_WARN_CONSTANT_CONVERSION = YES;
				CLANG_WARN_DEPRECATED_OBJC_IMPLEMENTATIONS = YES;
				CLANG_WARN_DIRECT_OBJC_ISA_USAGE = YES_ERROR;
				CLANG_WARN_DOCUMENTATION_COMMENTS = YES;
				CLANG_WARN_EMPTY_BODY = YES;
				CLANG_WARN_ENUM_CONVERSION = YES;
				CLANG_WARN_INFINITE_RECURSION = YES;
				CLANG_WARN_INT_CONVERSION = YES;
				CLANG_WARN_NON_LITERAL_NULL_CONVERSION = YES;
				CLANG_WARN_OBJC_IMPLICIT_RETAIN_SELF = YES;
				CLANG_WARN_OBJC_LITERAL_CONVERSION = YES;
				CLANG_WARN_OBJC_ROOT_CLASS = YES_ERROR;
				CLANG_WARN_QUOTED_INCLUDE_IN_FRAMEWORK_HEADER = YES;
				CLANG_WARN_RANGE_LOOP_ANALYSIS = YES;
				CLANG_WARN_STRICT_PROTOTYPES = YES;
				CLANG_WARN_SUSPICIOUS_MOVE = YES;
				CLANG_WARN_UNGUARDED_AVAILABILITY = YES_AGGRESSIVE;
				CLANG_WARN_UNREACHABLE_CODE = YES;
				CLANG_WARN__DUPLICATE_METHOD_MATCH = YES;
				COPY_PHASE_STRIP = NO;
				DEBUG_INFORMATION_FORMAT = "dwarf-with-dsym";
				ENABLE_NS_ASSERTIONS = NO;
				ENABLE_STRICT_OBJC_MSGSEND = YES;
				ENABLE_USER_SCRIPT_SANDBOXING = YES;
				GCC_C_LANGUAGE_STANDARD = gnu17;
				GCC_NO_COMMON_BLOCKS = YES;
				GCC_WARN_64_TO_32_BIT_CONVERSION = YES;
				GCC_WARN_ABOUT_RETURN_TYPE = YES_ERROR;
				GCC_WARN_UNDECLARED_SELECTOR = YES;
				GCC_WARN_UNINITIALIZED_AUTOS = YES_AGGRESSIVE;
				GCC_WARN_UNUSED_FUNCTION = YES;
				GCC_WARN_UNUSED_VARIABLE = YES;
				IPHONEOS_DEPLOYMENT_TARGET = 17.2;
				LOCALIZATION_PREFERS_STRING_CATALOGS = YES;
				MTL_ENABLE_DEBUG_INFO = NO;
				MTL_FAST_MATH = YES;
				SDKROOT = iphoneos;
				SWIFT_COMPILATION_MODE = wholemodule;
				VALIDATE_PRODUCT = YES;
			};
			name = Release;
		};
		29F9916E2B798447003EF0BF /* Debug */ = {
			isa = XCBuildConfiguration;
			buildSettings = {
				ASSETCATALOG_COMPILER_APPICON_NAME = AppIcon;
				ASSETCATALOG_COMPILER_GLOBAL_ACCENT_COLOR_NAME = AccentColor;
				CODE_SIGN_STYLE = Automatic;
				CURRENT_PROJECT_VERSION = 1;
				DEVELOPMENT_ASSET_PATHS = "\"Landmarks/Preview Content\"";
				ENABLE_PREVIEWS = YES;
				GENERATE_INFOPLIST_FILE = YES;
				INFOPLIST_KEY_UIApplicationSceneManifest_Generation = YES;
				INFOPLIST_KEY_UIApplicationSupportsIndirectInputEvents = YES;
				INFOPLIST_KEY_UILaunchScreen_Generation = YES;
				INFOPLIST_KEY_UISupportedInterfaceOrientations_iPad = "UIInterfaceOrientationPortrait UIInterfaceOrientationPortraitUpsideDown UIInterfaceOrientationLandscapeLeft UIInterfaceOrientationLandscapeRight";
				INFOPLIST_KEY_UISupportedInterfaceOrientations_iPhone = "UIInterfaceOrientationPortrait UIInterfaceOrientationLandscapeLeft UIInterfaceOrientationLandscapeRight";
				LD_RUNPATH_SEARCH_PATHS = (
					"$(inherited)",
					"@executable_path/Frameworks",
				);
				MARKETING_VERSION = 1.0;
				PRODUCT_BUNDLE_IDENTIFIER = "-96.Landmarks";
				PRODUCT_NAME = "$(TARGET_NAME)";
				SWIFT_EMIT_LOC_STRINGS = YES;
				SWIFT_VERSION = 5.0;
				TARGETED_DEVICE_FAMILY = "1,2";
			};
			name = Debug;
		};
		29F9916F2B798447003EF0BF /* Release */ = {
			isa = XCBuildConfiguration;
			buildSettings = {
				ASSETCATALOG_COMPILER_APPICON_NAME = AppIcon;
				ASSETCATALOG_COMPILER_GLOBAL_ACCENT_COLOR_NAME = AccentColor;
				CODE_SIGN_STYLE = Automatic;
				CURRENT_PROJECT_VERSION = 1;
				DEVELOPMENT_ASSET_PATHS = "\"Landmarks/Preview Content\"";
				ENABLE_PREVIEWS = YES;
				GENERATE_INFOPLIST_FILE = YES;
				INFOPLIST_KEY_UIApplicationSceneManifest_Generation = YES;
				INFOPLIST_KEY_UIApplicationSupportsIndirectInputEvents = YES;
				INFOPLIST_KEY_UILaunchScreen_Generation = YES;
				INFOPLIST_KEY_UISupportedInterfaceOrientations_iPad = "UIInterfaceOrientationPortrait UIInterfaceOrientationPortraitUpsideDown UIInterfaceOrientationLandscapeLeft UIInterfaceOrientationLandscapeRight";
				INFOPLIST_KEY_UISupportedInterfaceOrientations_iPhone = "UIInterfaceOrientationPortrait UIInterfaceOrientationLandscapeLeft UIInterfaceOrientationLandscapeRight";
				LD_RUNPATH_SEARCH_PATHS = (
					"$(inherited)",
					"@executable_path/Frameworks",
				);
				MARKETING_VERSION = 1.0;
				PRODUCT_BUNDLE_IDENTIFIER = "-96.Landmarks";
				PRODUCT_NAME = "$(TARGET_NAME)";
				SWIFT_EMIT_LOC_STRINGS = YES;
				SWIFT_VERSION = 5.0;
				TARGETED_DEVICE_FAMILY = "1,2";
			};
			name = Release;
		};
/* End XCBuildConfiguration section */

/* Begin XCConfigurationList section */
		29F9915A2B798446003EF0BF /* Build configuration list for PBXProject "Landmarks" */ = {
			isa = XCConfigurationList;
			buildConfigurations = (
				29F9916B2B798447003EF0BF /* Debug */,
				29F9916C2B798447003EF0BF /* Release */,
			);
			defaultConfigurationIsVisible = 0;
			defaultConfigurationName = Release;
		};
		29F9916D2B798447003EF0BF /* Build configuration list for PBXNativeTarget "Landmarks" */ = {
			isa = XCConfigurationList;
			buildConfigurations = (
				29F9916E2B798447003EF0BF /* Debug */,
				29F9916F2B798447003EF0BF /* Release */,
			);
			defaultConfigurationIsVisible = 0;
			defaultConfigurationName = Release;
		};
/* End XCConfigurationList section */
	};
	rootObject = 29F991572B798446003EF0BF /* Project object */;
}
